
Microsoft Visual Studio Solution File, Format Version 12.00
# Visual Studio 2013
VisualStudioVersion = 12.0.31101.0
MinimumVisualStudioVersion = 10.0.40219.1
Project("{FAE04EC0-301F-11D3-BF4B-00C04F79EFBC}") = "ConsoleApplication", "ConsoleApplication\ConsoleApplication.csproj", "{24595E8E-1E72-41A5-9289-AF3E0855218F}"
EndProject
Project("{FAE04EC0-301F-11D3-BF4B-00C04F79EFBC}") = "Core", "Core\Core.csproj", "{B09EDCD6-D12C-40CA-9D13-4C635B7FD954}"
EndProject
Project("{2150E333-8FDC-42A3-9474-1A3956D46DE8}") = ".nuget", ".nuget", "{9D274277-2A61-468D-8AEC-CA1729E4B372}"
	ProjectSection(SolutionItems) = preProject
		.nuget\NuGet.Config = .nuget\NuGet.Config
		.nuget\NuGet.exe = .nuget\NuGet.exe
		.nuget\NuGet.targets = .nuget\NuGet.targets
	EndProjectSection
EndProject
Global
	GlobalSection(SolutionConfigurationPlatforms) = preSolution
		Debug|Any CPU = Debug|Any CPU
		Release|Any CPU = Release|Any CPU
	EndGlobalSection
	GlobalSection(ProjectConfigurationPlatforms) = postSolution
		{24595E8E-1E72-41A5-9289-AF3E0855218F}.Debug|Any CPU.ActiveCfg = Debug|Any CPU
		{24595E8E-1E72-41A5-9289-AF3E0855218F}.Debug|Any CPU.Build.0 = Debug|Any CPU
		{24595E8E-1E72-41A5-9289-AF3E0855218F}.Release|Any CPU.ActiveCfg = Release|Any CPU
		{24595E8E-1E72-41A5-9289-AF3E0855218F}.Release|Any CPU.Build.0 = Release|Any CPU
		{B09EDCD6-D12C-40CA-9D13-4C635B7FD954}.Debug|Any CPU.ActiveCfg = Debug|Any CPU
		{B09EDCD6-D12C-40CA-9D13-4C635B7FD954}.Debug|Any CPU.Build.0 = Debug|Any CPU
		{B09EDCD6-D12C-40CA-9D13-4C635B7FD954}.Release|Any CPU.ActiveCfg = Release|Any CPU
		{B09EDCD6-D12C-40CA-9D13-4C635B7FD954}.Release|Any CPU.Build.0 = Release|Any CPU
	EndGlobalSection
	GlobalSection(SolutionProperties) = preSolution
		HideSolutionNode = FALSE
	EndGlobalSection
EndGlobal
